
Microsoft Visual Studio Solution File, Format Version 12.00
# Visual Studio Version 16
VisualStudioVersion = 16.0.30503.244
MinimumVisualStudioVersion = 10.0.40219.1
Project("{FAE04EC0-301F-11D3-BF4B-00C04F79EFBC}") = "FSX_EMPIRE", "FSX_EMPIRE\FSX_EMPIRE.csproj", "{6C7CE1DC-4585-4C7F-AC34-A4B1EF0F7094}"
EndProject
Global
	GlobalSection(SolutionConfigurationPlatforms) = preSolution
		Debug|Any CPU = Debug|Any CPU
		Release|Any CPU = Release|Any CPU
	EndGlobalSection
	GlobalSection(ProjectConfigurationPlatforms) = postSolution
		{6C7CE1DC-4585-4C7F-AC34-A4B1EF0F7094}.Debug|Any CPU.ActiveCfg = Debug|Any CPU
		{6C7CE1DC-4585-4C7F-AC34-A4B1EF0F7094}.Debug|Any CPU.Build.0 = Debug|Any CPU
		{6C7CE1DC-4585-4C7F-AC34-A4B1EF0F7094}.Release|Any CPU.ActiveCfg = Release|Any CPU
		{6C7CE1DC-4585-4C7F-AC34-A4B1EF0F7094}.Release|Any CPU.Build.0 = Release|Any CPU
	EndGlobalSection
	GlobalSection(SolutionProperties) = preSolution
		HideSolutionNode = FALSE
	EndGlobalSection
	GlobalSection(ExtensibilityGlobals) = postSolution
		SolutionGuid = {8B3A842A-7404-4725-B5D6-BEFD05A692BB}
	EndGlobalSection
EndGlobal
